
Microsoft Visual Studio Solution File, Format Version 12.00
# Visual Studio Version 17
VisualStudioVersion = 17.0.31903.59
MinimumVisualStudioVersion = 10.0.40219.1
Project("{FAE04EC0-301F-11D3-BF4B-00C04F79EFBC}") = "OpenApiSdkGenerator", "src\OpenApiSdkGenerator\OpenApiSdkGenerator.csproj", "{E07014D7-CA32-41B7-89CE-05BFFAD7EA1A}"
EndProject
Project("{FAE04EC0-301F-11D3-BF4B-00C04F79EFBC}") = "OpenApiSdkGenerator.Sample", "src\OpenApiSdkGenerator.Sample\OpenApiSdkGenerator.Sample.csproj", "{AB708FAB-42B1-45BA-BDE0-3165FEC8F07B}"
EndProject
Global
	GlobalSection(SolutionConfigurationPlatforms) = preSolution
		Debug|Any CPU = Debug|Any CPU
		Release|Any CPU = Release|Any CPU
	EndGlobalSection
	GlobalSection(ProjectConfigurationPlatforms) = postSolution
		{E07014D7-CA32-41B7-89CE-05BFFAD7EA1A}.Debug|Any CPU.ActiveCfg = Debug|Any CPU
		{E07014D7-CA32-41B7-89CE-05BFFAD7EA1A}.Debug|Any CPU.Build.0 = Debug|Any CPU
		{E07014D7-CA32-41B7-89CE-05BFFAD7EA1A}.Release|Any CPU.ActiveCfg = Release|Any CPU
		{E07014D7-CA32-41B7-89CE-05BFFAD7EA1A}.Release|Any CPU.Build.0 = Release|Any CPU
		{AB708FAB-42B1-45BA-BDE0-3165FEC8F07B}.Debug|Any CPU.ActiveCfg = Debug|Any CPU
		{AB708FAB-42B1-45BA-BDE0-3165FEC8F07B}.Debug|Any CPU.Build.0 = Debug|Any CPU
		{AB708FAB-42B1-45BA-BDE0-3165FEC8F07B}.Release|Any CPU.ActiveCfg = Release|Any CPU
		{AB708FAB-42B1-45BA-BDE0-3165FEC8F07B}.Release|Any CPU.Build.0 = Release|Any CPU
	EndGlobalSection
	GlobalSection(SolutionProperties) = preSolution
		HideSolutionNode = FALSE
	EndGlobalSection
	GlobalSection(ExtensibilityGlobals) = postSolution
		SolutionGuid = {AC9E71A3-D10A-495C-AA3D-4363E88CDF38}
	EndGlobalSection
EndGlobal
